// !$*UTF8*$!
{
	archiveVersion = 1;
	classes = {
	};
	objectVersion = 46;
	objects = {

/* Begin PBXBuildFile section */
		2252EB0F1DE014710081F571 /* AppDelegate.swift in Sources */ = {isa = PBXBuildFile; fileRef = 2252EB0E1DE014710081F571 /* AppDelegate.swift */; };
		2252EB111DE014710081F571 /* ViewController.swift in Sources */ = {isa = PBXBuildFile; fileRef = 2252EB101DE014710081F571 /* ViewController.swift */; };
		2252EB141DE014710081F571 /* Main.storyboard in Resources */ = {isa = PBXBuildFile; fileRef = 2252EB121DE014710081F571 /* Main.storyboard */; };
		2252EB161DE014710081F571 /* Assets.xcassets in Resources */ = {isa = PBXBuildFile; fileRef = 2252EB151DE014710081F571 /* Assets.xcassets */; };
		2252EB191DE014710081F571 /* LaunchScreen.storyboard in Resources */ = {isa = PBXBuildFile; fileRef = 2252EB171DE014710081F571 /* LaunchScreen.storyboard */; };
/* End PBXBuildFile section */

/* Begin PBXFileReference section */
		2252EB0B1DE014710081F571 /* GZMIneSweeper.app */ = {isa = PBXFileReference; explicitFileType = wrapper.application; includeInIndex = 0; path = GZMIneSweeper.app; sourceTree = BUILT_PRODUCTS_DIR; };
		2252EB0E1DE014710081F571 /* AppDelegate.swift */ = {isa = PBXFileReference; lastKnownFileType = sourcecode.swift; path = AppDelegate.swift; sourceTree = "<group>"; };
		2252EB101DE014710081F571 /* ViewController.swift */ = {isa = PBXFileReference; lastKnownFileType = sourcecode.swift; path = ViewController.swift; sourceTree = "<group>"; };
		2252EB131DE014710081F571 /* Base */ = {isa = PBXFileReference; lastKnownFileType = file.storyboard; name = Base; path = Base.lproj/Main.storyboard; sourceTree = "<group>"; };
		2252EB151DE014710081F571 /* Assets.xcassets */ = {isa = PBXFileReference; lastKnownFileType = folder.assetcatalog; path = Assets.xcassets; sourceTree = "<group>"; };
		2252EB181DE014710081F571 /* Base */ = {isa = PBXFileReference; lastKnownFileType = file.storyboard; name = Base; path = Base.lproj/LaunchScreen.storyboard; sourceTree = "<group>"; };
		2252EB1A1DE014710081F571 /* Info.plist */ = {isa = PBXFileReference; lastKnownFileType = text.plist.xml; path = Info.plist; sourceTree = "<group>"; };
/* End PBXFileReference section */

/* Begin PBXFrameworksBuildPhase section */
		2252EB081DE014710081F571 /* Frameworks */ = {
			isa = PBXFrameworksBuildPhase;
			buildActionMask = 2147483647;
			files = (
			);
			runOnlyForDeploymentPostprocessing = 0;
		};
/* End PBXFrameworksBuildPhase section */

/* Begin PBXGroup section */
		2252EB021DE014710081F571 = {
			isa = PBXGroup;
			children = (
				2252EB0D1DE014710081F571 /* GZMIneSweeper */,
				2252EB0C1DE014710081F571 /* Products */,
			);
			sourceTree = "<group>";
		};
		2252EB0C1DE014710081F571 /* Products */ = {
			isa = PBXGroup;
			children = (
				2252EB0B1DE014710081F571 /* GZMIneSweeper.app */,
			);
			name = Products;
			sourceTree = "<group>";
		};
		2252EB0D1DE014710081F571 /* GZMIneSweeper */ = {
			isa = PBXGroup;
			children = (
				2252EB0E1DE014710081F571 /* AppDelegate.swift */,
				2252EB101DE014710081F571 /* ViewController.swift */,
				2252EB121DE014710081F571 /* Main.storyboard */,
				2252EB151DE014710081F571 /* Assets.xcassets */,
				2252EB171DE014710081F571 /* LaunchScreen.storyboard */,
				2252EB1A1DE014710081F571 /* Info.plist */,
			);
			path = GZMIneSweeper;
			sourceTree = "<group>";
		};
/* End PBXGroup section */

/* Begin PBXNativeTarget section */
		2252EB0A1DE014710081F571 /* GZMIneSweeper */ = {
			isa = PBXNativeTarget;
			buildConfigurationList = 2252EB1D1DE014710081F571 /* Build configuration list for PBXNativeTarget "GZMIneSweeper" */;
			buildPhases = (
				2252EB071DE014710081F571 /* Sources */,
				2252EB081DE014710081F571 /* Frameworks */,
				2252EB091DE014710081F571 /* Resources */,
			);
			buildRules = (
			);
			dependencies = (
			);
			name = GZMIneSweeper;
			productName = GZMIneSweeper;
			productReference = 2252EB0B1DE014710081F571 /* GZMIneSweeper.app */;
			productType = "com.apple.product-type.application";
		};
/* End PBXNativeTarget section */

/* Begin PBXProject section */
		2252EB031DE014710081F571 /* Project object */ = {
			isa = PBXProject;
			attributes = {
				LastSwiftUpdateCheck = 0810;
				LastUpgradeCheck = 0810;
				ORGANIZATIONNAME = com.zlot.gz;
				TargetAttributes = {
					2252EB0A1DE014710081F571 = {
						CreatedOnToolsVersion = 8.1;
						ProvisioningStyle = Automatic;
					};
				};
			};
			buildConfigurationList = 2252EB061DE014710081F571 /* Build configuration list for PBXProject "GZMIneSweeper" */;
			compatibilityVersion = "Xcode 3.2";
			developmentRegion = English;
			hasScannedForEncodings = 0;
			knownRegions = (
				en,
				Base,
			);
			mainGroup = 2252EB021DE014710081F571;
			productRefGroup = 2252EB0C1DE014710081F571 /* Products */;
			projectDirPath = "";
			projectRoot = "";
			targets = (
				2252EB0A1DE014710081F571 /* GZMIneSweeper */,
			);
		};
/* End PBXProject section */

/* Begin PBXResourcesBuildPhase section */
		2252EB091DE014710081F571 /* Resources */ = {
			isa = PBXResourcesBuildPhase;
			buildActionMask = 2147483647;
			files = (
				2252EB191DE014710081F571 /* LaunchScreen.storyboard in Resources */,
				2252EB161DE014710081F571 /* Assets.xcassets in Resources */,
				2252EB141DE014710081F571 /* Main.storyboard in Resources */,
			);
			runOnlyForDeploymentPostprocessing = 0;
		};
/* End PBXResourcesBuildPhase section */

/* Begin PBXSourcesBuildPhase section */
		2252EB071DE014710081F571 /* Sources */ = {
			isa = PBXSourcesBuildPhase;
			buildActionMask = 2147483647;
			files = (
				2252EB111DE014710081F571 /* ViewController.swift in Sources */,
				2252EB0F1DE014710081F571 /* AppDelegate.swift in Sources */,
			);
			runOnlyForDeploymentPostprocessing = 0;
		};
/* End PBXSourcesBuildPhase section */

/* Begin PBXVariantGroup section */
		2252EB121DE014710081F571 /* Main.storyboard */ = {
			isa = PBXVariantGroup;
			children = (
				2252EB131DE014710081F571 /* Base */,
			);
			name = Main.storyboard;
			sourceTree = "<group>";
		};
		2252EB171DE014710081F571 /* LaunchScreen.storyboard */ = {
			isa = PBXVariantGroup;
			children = (
				2252EB181DE014710081F571 /* Base */,
			);
			name = LaunchScreen.storyboard;
			sourceTree = "<group>";
		};
/* End PBXVariantGroup section */

/* Begin XCBuildConfiguration section */
		2252EB1B1DE014710081F571 /* Debug */ = {
			isa = XCBuildConfiguration;
			buildSettings = {
				ALWAYS_SEARCH_USER_PATHS = NO;
				CLANG_ANALYZER_NONNULL = YES;
				CLANG_CXX_LANGUAGE_STANDARD = "gnu++0x";
				CLANG_CXX_LIBRARY = "libc++";
				CLANG_ENABLE_MODULES = YES;
				CLANG_ENABLE_OBJC_ARC = YES;
				CLANG_WARN_BOOL_CONVERSION = YES;
				CLANG_WARN_CONSTANT_CONVERSION = YES;
				CLANG_WARN_DIRECT_OBJC_ISA_USAGE = YES_ERROR;
				CLANG_WARN_DOCUMENTATION_COMMENTS = YES;
				CLANG_WARN_EMPTY_BODY = YES;
				CLANG_WARN_ENUM_CONVERSION = YES;
				CLANG_WARN_INFINITE_RECURSION = YES;
				CLANG_WARN_INT_CONVERSION = YES;
				CLANG_WARN_OBJC_ROOT_CLASS = YES_ERROR;
				CLANG_WARN_SUSPICIOUS_MOVES = YES;
				CLANG_WARN_UNREACHABLE_CODE = YES;
				CLANG_WARN__DUPLICATE_METHOD_MATCH = YES;
				"CODE_SIGN_IDENTITY[sdk=iphoneos*]" = "iPhone Developer";
				COPY_PHASE_STRIP = NO;
				DEBUG_INFORMATION_FORMAT = dwarf;
				ENABLE_STRICT_OBJC_MSGSEND = YES;
				ENABLE_TESTABILITY = YES;
				GCC_C_LANGUAGE_STANDARD = gnu99;
				GCC_DYNAMIC_NO_PIC = NO;
				GCC_NO_COMMON_BLOCKS = YES;
				GCC_OPTIMIZATION_LEVEL = 0;
				GCC_PREPROCESSOR_DEFINITIONS = (
					"DEBUG=1",
					"$(inherited)",
				);
				GCC_WARN_64_TO_32_BIT_CONVERSION = YES;
				GCC_WARN_ABOUT_RETURN_TYPE = YES_ERROR;
				GCC_WARN_UNDECLARED_SELECTOR = YES;
				GCC_WARN_UNINITIALIZED_AUTOS = YES_AGGRESSIVE;
				GCC_WARN_UNUSED_FUNCTION = YES;
				GCC_WARN_UNUSED_VARIABLE = YES;
				IPHONEOS_DEPLOYMENT_TARGET = 10.1;
				MTL_ENABLE_DEBUG_INFO = YES;
				ONLY_ACTIVE_ARCH = YES;
				SDKROOT = iphoneos;
				SWIFT_ACTIVE_COMPILATION_CONDITIONS = DEBUG;
				SWIFT_OPTIMIZATION_LEVEL = "-Onone";
				TARGETED_DEVICE_FAMILY = "1,2";
			};
			name = Debug;
		};
		2252EB1C1DE014710081F571 /* Release */ = {
			isa = XCBuildConfiguration;
			buildSettings = {
				ALWAYS_SEARCH_USER_PATHS = NO;
				CLANG_ANALYZER_NONNULL = YES;
				CLANG_CXX_LANGUAGE_STANDARD = "gnu++0x";
				CLANG_CXX_LIBRARY = "libc++";
				CLANG_ENABLE_MODULES = YES;
				CLANG_ENABLE_OBJC_ARC = YES;
				CLANG_WARN_BOOL_CONVERSION = YES;
				CLANG_WARN_CONSTANT_CONVERSION = YES;
				CLANG_WARN_DIRECT_OBJC_ISA_USAGE = YES_ERROR;
				CLANG_WARN_DOCUMENTATION_COMMENTS = YES;
				CLANG_WARN_EMPTY_BODY = YES;
				CLANG_WARN_ENUM_CONVERSION = YES;
				CLANG_WARN_INFINITE_RECURSION = YES;
				CLANG_WARN_INT_CONVERSION = YES;
				CLANG_WARN_OBJC_ROOT_CLASS = YES_ERROR;
				CLANG_WARN_SUSPICIOUS_MOVES = YES;
				CLANG_WARN_UNREACHABLE_CODE = YES;
				CLANG_WARN__DUPLICATE_METHOD_MATCH = YES;
				"CODE_SIGN_IDENTITY[sdk=iphoneos*]" = "iPhone Developer";
				COPY_PHASE_STRIP = NO;
				DEBUG_INFORMATION_FORMAT = "dwarf-with-dsym";
				ENABLE_NS_ASSERTIONS = NO;
				ENABLE_STRICT_OBJC_MSGSEND = YES;
				GCC_C_LANGUAGE_STANDARD = gnu99;
				GCC_NO_COMMON_BLOCKS = YES;
				GCC_WARN_64_TO_32_BIT_CONVERSION = YES;
				GCC_WARN_ABOUT_RETURN_TYPE = YES_ERROR;
				GCC_WARN_UNDECLARED_SELECTOR = YES;
				GCC_WARN_UNINITIALIZED_AUTOS = YES_AGGRESSIVE;
				GCC_WARN_UNUSED_FUNCTION = YES;
				GCC_WARN_UNUSED_VARIABLE = YES;
				IPHONEOS_DEPLOYMENT_TARGET = 10.1;
				MTL_ENABLE_DEBUG_INFO = NO;
				SDKROOT = iphoneos;
				SWIFT_OPTIMIZATION_LEVEL = "-Owholemodule";
				TARGETED_DEVICE_FAMILY = "1,2";
				VALIDATE_PRODUCT = YES;
			};
			name = Release;
		};
		2252EB1E1DE014710081F571 /* Debug */ = {
			isa = XCBuildConfiguration;
			buildSettings = {
				ASSETCATALOG_COMPILER_APPICON_NAME = AppIcon;
				INFOPLIST_FILE = GZMIneSweeper/Info.plist;
				LD_RUNPATH_SEARCH_PATHS = "$(inherited) @executable_path/Frameworks";
				PRODUCT_BUNDLE_IDENTIFIER = com.zlot.gz.GZMIneSweeper;
				PRODUCT_NAME = "$(TARGET_NAME)";
				SWIFT_VERSION = 3.0;
			};
			name = Debug;
		};
		2252EB1F1DE014710081F571 /* Release */ = {
			isa = XCBuildConfiguration;
			buildSettings = {
				ASSETCATALOG_COMPILER_APPICON_NAME = AppIcon;
				INFOPLIST_FILE = GZMIneSweeper/Info.plist;
				LD_RUNPATH_SEARCH_PATHS = "$(inherited) @executable_path/Frameworks";
				PRODUCT_BUNDLE_IDENTIFIER = com.zlot.gz.GZMIneSweeper;
				PRODUCT_NAME = "$(TARGET_NAME)";
				SWIFT_VERSION = 3.0;
			};
			name = Release;
		};
/* End XCBuildConfiguration section */

/* Begin XCConfigurationList section */
		2252EB061DE014710081F571 /* Build configuration list for PBXProject "GZMIneSweeper" */ = {
			isa = XCConfigurationList;
			buildConfigurations = (
				2252EB1B1DE014710081F571 /* Debug */,
				2252EB1C1DE014710081F571 /* Release */,
			);
			defaultConfigurationIsVisible = 0;
			defaultConfigurationName = Release;
		};
		2252EB1D1DE014710081F571 /* Build configuration list for PBXNativeTarget "GZMIneSweeper" */ = {
			isa = XCConfigurationList;
			buildConfigurations = (
				2252EB1E1DE014710081F571 /* Debug */,
				2252EB1F1DE014710081F571 /* Release */,
			);
			defaultConfigurationIsVisible = 0;
		};
/* End XCConfigurationList section */
	};
	rootObject = 2252EB031DE014710081F571 /* Project object */;
}
